<?xml version="1.0" encoding="utf-8"?>
<Project ToolsVersion="4.0" xmlns="http://schemas.microsoft.com/developer/msbuild/2003">
  <ItemGroup>
    <Filter Include="Source Files">
      <UniqueIdentifier>{4FC737F1-C7A5-4376-A066-2A32D752A2FF}</UniqueIdentifier>
      <Extensions>cpp;c;cc;cxx;def;odl;idl;hpj;bat;asm;asmx</Extensions>
    </Filter>
    <Filter Include="Header Files">
      <UniqueIdentifier>{93995380-89BD-4b04-88EB-625FBE52EBFB}</UniqueIdentifier>
      <Extensions>h;hh;hpp;hxx;hm;inl;inc;ipp;xsd</Extensions>
    </Filter>
    <Filter Include="Resource Files">
      <UniqueIdentifier>{67DA6AB6-F800-4c08-8B7A-83BB121AAD01}</UniqueIdentifier>
      <Extensions>rc;ico;cur;bmp;dlg;rc2;rct;bin;rgs;gif;jpg;jpeg;jpe;resx;tiff;tif;png;wav;mfcribbon-ms</Extensions>
    </Filter>
  </ItemGroup>
  <ItemGroup>
    <ClCompile Include="ag\backends\allegro5\component.cpp">
      <Filter>Source Files</Filter>
    </ClCompile>
    <ClCompile Include="ag\backends\allegro5\display.cpp">
      <Filter>Source Files</Filter>
    </ClCompile>
    <ClCompile Include="ag\backends\allegro5\event_queue.cpp">
      <Filter>Source Files</Filter>
    </ClCompile>
    <ClCompile Include="ag\backends\allegro5\font.cpp">
      <Filter>Source Files</Filter>
    </ClCompile>
    <ClCompile Include="ag\resources\material_icons_regular_woff.cpp">
      <Filter>Source Files</Filter>
    </ClCompile>
    <ClCompile Include="ag\resources\roboto_bold_woff.cpp">
      <Filter>Source Files</Filter>
    </ClCompile>
    <ClCompile Include="ag\resources\roboto_italic_woff.cpp">
      <Filter>Source Files</Filter>
    </ClCompile>
    <ClCompile Include="ag\resources\roboto_light_woff.cpp">
      <Filter>Source Files</Filter>
    </ClCompile>
    <ClCompile Include="ag\resources\roboto_medium_woff.cpp">
      <Filter>Source Files</Filter>
    </ClCompile>
    <ClCompile Include="ag\resources\roboto_regular_woff.cpp">
      <Filter>Source Files</Filter>
    </ClCompile>
    <ClCompile Include="ag\border.cpp">
      <Filter>Source Files</Filter>
    </ClCompile>
    <ClCompile Include="ag\box.cpp">
      <Filter>Source Files</Filter>
    </ClCompile>
    <ClCompile Include="ag\button.cpp">
      <Filter>Source Files</Filter>
    </ClCompile>
    <ClCompile Include="ag\color.cpp">
      <Filter>Source Files</Filter>
    </ClCompile>
    <ClCompile Include="ag\h_box.cpp">
      <Filter>Source Files</Filter>
    </ClCompile>
    <ClCompile Include="ag\insets.cpp">
      <Filter>Source Files</Filter>
    </ClCompile>
    <ClCompile Include="ag\label.cpp">
      <Filter>Source Files</Filter>
    </ClCompile>
    <ClCompile Include="ag\theme.cpp">
      <Filter>Source Files</Filter>
    </ClCompile>
    <ClCompile Include="ag\timer.cpp">
      <Filter>Source Files</Filter>
    </ClCompile>
    <ClCompile Include="ag\v_box.cpp">
      <Filter>Source Files</Filter>
    </ClCompile>
    <ClCompile Include="tests\color_tests.cpp">
      <Filter>Source Files</Filter>
    </ClCompile>
    <ClCompile Include="tests\main.cpp">
      <Filter>Source Files</Filter>
    </ClCompile>
    <ClCompile Include="tests\border_tests.cpp">
      <Filter>Source Files</Filter>
    </ClCompile>
  </ItemGroup>
  <ItemGroup>
    <ClInclude Include="ag\events\mouse.h">
      <Filter>Header Files</Filter>
    </ClInclude>
    <ClInclude Include="ag\events\timer.h">
      <Filter>Header Files</Filter>
    </ClInclude>
    <ClInclude Include="ag\border.h">
      <Filter>Header Files</Filter>
    </ClInclude>
    <ClInclude Include="ag\box.h">
      <Filter>Header Files</Filter>
    </ClInclude>
    <ClInclude Include="ag\button.h">
      <Filter>Header Files</Filter>
    </ClInclude>
    <ClInclude Include="ag\color.h">
      <Filter>Header Files</Filter>
    </ClInclude>
    <ClInclude Include="ag\component.h">
      <Filter>Header Files</Filter>
    </ClInclude>
    <ClInclude Include="ag\display.h">
      <Filter>Header Files</Filter>
    </ClInclude>
    <ClInclude Include="ag\event_queue.h">
      <Filter>Header Files</Filter>
    </ClInclude>
    <ClInclude Include="ag\font.h">
      <Filter>Header Files</Filter>
    </ClInclude>
    <ClInclude Include="ag\h_box.h">
      <Filter>Header Files</Filter>
    </ClInclude>
    <ClInclude Include="ag\insets.h">
      <Filter>Header Files</Filter>
    </ClInclude>
    <ClInclude Include="ag\label.h">
      <Filter>Header Files</Filter>
    </ClInclude>
    <ClInclude Include="ag\resources.h">
      <Filter>Header Files</Filter>
    </ClInclude>
    <ClInclude Include="ag\signal.h">
      <Filter>Header Files</Filter>
    </ClInclude>
    <ClInclude Include="ag\theme.h">
      <Filter>Header Files</Filter>
    </ClInclude>
    <ClInclude Include="ag\timer.h">
      <Filter>Header Files</Filter>
    </ClInclude>
    <ClInclude Include="ag\v_box.h">
      <Filter>Header Files</Filter>
    </ClInclude>
    <ClInclude Include="tests\catch.hpp">
      <Filter>Header Files</Filter>
    </ClInclude>
  </ItemGroup>
  <ItemGroup>
    <None Include="packages.config" />
    <None Include=".gitignore" />
    <None Include=".editorconfig" />
  </ItemGroup>
</Project>